
Microsoft Visual Studio Solution File, Format Version 12.00
# Visual Studio Version 17
VisualStudioVersion = 17.7.34031.279
MinimumVisualStudioVersion = 10.0.40219.1
Project("{9A19103F-16F7-4668-BE54-9A1E7A4F7556}") = "SignalRApi", "SignalRApi\SignalRApi.csproj", "{22042DB4-6D81-40EC-A803-10DC1B666FBB}"
EndProject
Project("{9A19103F-16F7-4668-BE54-9A1E7A4F7556}") = "SignalRWebUI", "SignalRWebUI\SignalRWebUI.csproj", "{01A0215A-7AE6-45B9-A374-269F80D091BA}"
EndProject
Project("{9A19103F-16F7-4668-BE54-9A1E7A4F7556}") = "SignalR.EntityLayer", "SignalR.EntityLayer\SignalR.EntityLayer.csproj", "{3CE83712-78AA-4A3B-BB3A-94F24C19FB5F}"
EndProject
Project("{9A19103F-16F7-4668-BE54-9A1E7A4F7556}") = "SignalRDataAccessLayer", "SignalRDataAccessLayer\SignalRDataAccessLayer.csproj", "{7BA198E9-7C0F-4CCC-8238-DABA7A0981A0}"
EndProject
Project("{9A19103F-16F7-4668-BE54-9A1E7A4F7556}") = "SignalR.DTOLayer", "SignalR.DTOLayer\SignalR.DTOLayer.csproj", "{67075E14-DBCA-49B7-BD2D-5CE72E023B51}"
EndProject
Project("{FAE04EC0-301F-11D3-BF4B-00C04F79EFBC}") = "SignalR.BusinessLayer", "SignalR.BusinessLayer\SignalR.BusinessLayer.csproj", "{DEB38502-0518-4F7B-91DC-1F90D23A8DC2}"
EndProject
Global
	GlobalSection(SolutionConfigurationPlatforms) = preSolution
		Debug|Any CPU = Debug|Any CPU
		Release|Any CPU = Release|Any CPU
	EndGlobalSection
	GlobalSection(ProjectConfigurationPlatforms) = postSolution
		{22042DB4-6D81-40EC-A803-10DC1B666FBB}.Debug|Any CPU.ActiveCfg = Debug|Any CPU
		{22042DB4-6D81-40EC-A803-10DC1B666FBB}.Debug|Any CPU.Build.0 = Debug|Any CPU
		{22042DB4-6D81-40EC-A803-10DC1B666FBB}.Release|Any CPU.ActiveCfg = Release|Any CPU
		{22042DB4-6D81-40EC-A803-10DC1B666FBB}.Release|Any CPU.Build.0 = Release|Any CPU
		{01A0215A-7AE6-45B9-A374-269F80D091BA}.Debug|Any CPU.ActiveCfg = Debug|Any CPU
		{01A0215A-7AE6-45B9-A374-269F80D091BA}.Debug|Any CPU.Build.0 = Debug|Any CPU
		{01A0215A-7AE6-45B9-A374-269F80D091BA}.Release|Any CPU.ActiveCfg = Release|Any CPU
		{01A0215A-7AE6-45B9-A374-269F80D091BA}.Release|Any CPU.Build.0 = Release|Any CPU
		{3CE83712-78AA-4A3B-BB3A-94F24C19FB5F}.Debug|Any CPU.ActiveCfg = Debug|Any CPU
		{3CE83712-78AA-4A3B-BB3A-94F24C19FB5F}.Debug|Any CPU.Build.0 = Debug|Any CPU
		{3CE83712-78AA-4A3B-BB3A-94F24C19FB5F}.Release|Any CPU.ActiveCfg = Release|Any CPU
		{3CE83712-78AA-4A3B-BB3A-94F24C19FB5F}.Release|Any CPU.Build.0 = Release|Any CPU
		{7BA198E9-7C0F-4CCC-8238-DABA7A0981A0}.Debug|Any CPU.ActiveCfg = Debug|Any CPU
		{7BA198E9-7C0F-4CCC-8238-DABA7A0981A0}.Debug|Any CPU.Build.0 = Debug|Any CPU
		{7BA198E9-7C0F-4CCC-8238-DABA7A0981A0}.Release|Any CPU.ActiveCfg = Release|Any CPU
		{7BA198E9-7C0F-4CCC-8238-DABA7A0981A0}.Release|Any CPU.Build.0 = Release|Any CPU
		{67075E14-DBCA-49B7-BD2D-5CE72E023B51}.Debug|Any CPU.ActiveCfg = Debug|Any CPU
		{67075E14-DBCA-49B7-BD2D-5CE72E023B51}.Debug|Any CPU.Build.0 = Debug|Any CPU
		{67075E14-DBCA-49B7-BD2D-5CE72E023B51}.Release|Any CPU.ActiveCfg = Release|Any CPU
		{67075E14-DBCA-49B7-BD2D-5CE72E023B51}.Release|Any CPU.Build.0 = Release|Any CPU
		{DEB38502-0518-4F7B-91DC-1F90D23A8DC2}.Debug|Any CPU.ActiveCfg = Debug|Any CPU
		{DEB38502-0518-4F7B-91DC-1F90D23A8DC2}.Debug|Any CPU.Build.0 = Debug|Any CPU
		{DEB38502-0518-4F7B-91DC-1F90D23A8DC2}.Release|Any CPU.ActiveCfg = Release|Any CPU
		{DEB38502-0518-4F7B-91DC-1F90D23A8DC2}.Release|Any CPU.Build.0 = Release|Any CPU
	EndGlobalSection
	GlobalSection(SolutionProperties) = preSolution
		HideSolutionNode = FALSE
	EndGlobalSection
	GlobalSection(ExtensibilityGlobals) = postSolution
		SolutionGuid = {3424F551-2F93-4820-943C-A6C40F239EB5}
	EndGlobalSection
EndGlobal
